Microsoft Visual Studio Solution File, Format Version 12.00
# Visual Studio 16
VisualStudioVersion = 12.0.21005.1
MinimumVisualStudioVersion = 10.0.40219.1
Project("{FAE04EC0-301F-11D3-BF4B-00C04F79EFBC}") = "ExamplePOCO.Wpf", "ExamplePOCO.Wpf.Net5.csproj", "{003F5932-C8DB-4D6F-98A9-27EFB7FB9A24}"
EndProject
Global
	GlobalSection(SolutionConfigurationPlatforms) = preSolution
		Debug|Any CPU = Debug|Any CPU
	EndGlobalSection
	GlobalSection(ProjectConfigurationPlatforms) = postSolution
		{003F5932-C8DB-4D6F-98A9-27EFB7FB9A24}.Debug|Any CPU.ActiveCfg = Debug|Any CPU
		{003F5932-C8DB-4D6F-98A9-27EFB7FB9A24}.Debug|Any CPU.Build.0 = Debug|Any CPU
	EndGlobalSection
	GlobalSection(SolutionProperties) = preSolution
		HideSolutionNode = FALSE
	EndGlobalSection
EndGlobal
